{
  "name": "bitthetacli",
  "version": "1.0.0",
  "lockfileVersion": 2,
  "requires": true,
  "packages": {
    "": {
      "name": "bitthetacli",
      "version": "1.0.0",
      "license": "ISC",
      "devDependencies": {
        "openzeppelin-solidity": "github:OpenZeppelin/openzeppelin-contracts"
      }
    },
    "node_modules/openzeppelin-solidity": {
      "version": "5.0.2",
      "resolved": "git+ssh://git@github.com/OpenZeppelin/openzeppelin-contracts.git#19a657bef8354f2a655900654955739b70dfbde9",
      "dev": true,
      "license": "MIT"
    }
  },
  "dependencies": {
    "openzeppelin-solidity": {
      "version": "git+ssh://git@github.com/OpenZeppelin/openzeppelin-contracts.git#19a657bef8354f2a655900654955739b70dfbde9",
      "dev": true,
      "from": "openzeppelin-solidity@OpenZeppelin/openzeppelin-contracts"
    }
  }
}
